{
  "name": "musicpilot",
  "version": "1.0.0",
  "lockfileVersion": 3,
  "requires": true,
  "packages": {
    "": {
      "name": "musicpilot",
      "version": "1.0.0",
      "license": "ISC",
      "dependencies": {
        "essential.js": "^0.7.0"
      }
    },
    "node_modules/essential.js": {
      "version": "0.7.0",
      "resolved": "https://registry.npmjs.org/essential.js/-/essential.js-0.7.0.tgz",
      "integrity": "sha512-tzS4rge/T9OHWC2m6BjOcqa07Hw+izJqF698yOhcSDuo6bkEKF0ar58Y4jWPBEowMSaBgOej9rUIhmi6IOT1Pw=="
    }
  }
}
